
Microsoft Visual Studio Solution File, Format Version 12.00
# Visual Studio Version 16
VisualStudioVersion = 16.0.33214.272
MinimumVisualStudioVersion = 10.0.40219.1
Project("{FAE04EC0-301F-11D3-BF4B-00C04F79EFBC}") = "CrudOperationsInNetCore", "CrudOperationsInNetCore\CrudOperationsInNetCore.csproj", "{74446231-59A5-476E-80FA-E96CA3DE1B0D}"
EndProject
Global
	GlobalSection(SolutionConfigurationPlatforms) = preSolution
		Debug|Any CPU = Debug|Any CPU
		Release|Any CPU = Release|Any CPU
	EndGlobalSection
	GlobalSection(ProjectConfigurationPlatforms) = postSolution
		{74446231-59A5-476E-80FA-E96CA3DE1B0D}.Debug|Any CPU.ActiveCfg = Debug|Any CPU
		{74446231-59A5-476E-80FA-E96CA3DE1B0D}.Debug|Any CPU.Build.0 = Debug|Any CPU
		{74446231-59A5-476E-80FA-E96CA3DE1B0D}.Release|Any CPU.ActiveCfg = Release|Any CPU
		{74446231-59A5-476E-80FA-E96CA3DE1B0D}.Release|Any CPU.Build.0 = Release|Any CPU
	EndGlobalSection
	GlobalSection(SolutionProperties) = preSolution
		HideSolutionNode = FALSE
	EndGlobalSection
	GlobalSection(ExtensibilityGlobals) = postSolution
		SolutionGuid = {B9EECC84-FD72-4D55-8B4C-795277220D8A}
	EndGlobalSection
EndGlobal
